{
  "name": "test1",
  "version": "1.0.0",
  "lockfileVersion": 1,
  "requires": true,
  "dependencies": {
    "alexaworld-nodejs-common": {
      "version": "1.0.1",
      "resolved": "https://registry.npmjs.org/alexaworld-nodejs-common/-/alexaworld-nodejs-common-1.0.1.tgz",
      "integrity": "sha512-TmjOcOI9U9REkKGrd+1qUXPVAT089x3LOt2jLRvF3NTllVzUHTOYTA97/5q8iSKdefwukA+3oZLR357obo1PVA=="
    },
    "alexaworld-nodeskills": {
      "version": "1.0.20",
      "resolved": "https://registry.npmjs.org/alexaworld-nodeskills/-/alexaworld-nodeskills-1.0.20.tgz",
      "integrity": "sha512-g1aOLlAtl4/FP1lScUxlAO3I2KUmZlyo++u5GtVDkicENI4FtXmFI8zqeiTcG+17SM1xysPenIgLJOiP6wzzdw==",
      "requires": {
        "alexaworld-nodejs-common": "1.0.1",
        "i18next": "10.2.2",
        "i18next-sprintf-postprocessor": "0.2.2",
        "lodash": "4.17.4"
      }
    },
    "alexaworld-responsebuilder": {
      "version": "1.0.6",
      "resolved": "https://registry.npmjs.org/alexaworld-responsebuilder/-/alexaworld-responsebuilder-1.0.6.tgz",
      "integrity": "sha512-+HvYEYV/vjZkT5XpxXwOIM2ZOndOGR9R4cLQm1+VPKY87BWQT8ISGggzBiZN2H2CqfjSjm8Y99dVA8StMXe0PQ==",
      "requires": {
        "alexaworld-nodejs-common": "1.0.1"
      }
    },
    "amazon-date-parser": {
      "version": "0.1.5",
      "resolved": "https://registry.npmjs.org/amazon-date-parser/-/amazon-date-parser-0.1.5.tgz",
      "integrity": "sha1-+gVScBPTAnNr4KkRXxpgNXDDbK0="
    },
    "i18next": {
      "version": "10.2.2",
      "resolved": "https://registry.npmjs.org/i18next/-/i18next-10.2.2.tgz",
      "integrity": "sha512-sWazkOEWjPxfcFEATDaZsHNkIbcCTFzee+qNoJyBWl1jHz0Haabhfk+/j2KVrZcDp2v7tZ9FDSUj3kh6G/IF0Q=="
    },
    "i18next-sprintf-postprocessor": {
      "version": "0.2.2",
      "resolved": "https://registry.npmjs.org/i18next-sprintf-postprocessor/-/i18next-sprintf-postprocessor-0.2.2.tgz",
      "integrity": "sha1-LkCfEENXk4Jpi2otpwzapVHWfqQ="
    },
    "lodash": {
      "version": "4.17.4",
      "resolved": "https://registry.npmjs.org/lodash/-/lodash-4.17.4.tgz",
      "integrity": "sha1-eCA6TRwyiuHYbcpkYONptX9AVa4="
    }
  }
}
